// !$*UTF8*$!
{
	archiveVersion = 1;
	classes = {
	};
	objectVersion = 56;
	objects = {

/* Begin PBXBuildFile section */
		619292292AC54A472E222804 /* Pods_LeagueofLegendApp.framework in Frameworks */ = {isa = PBXBuildFile; fileRef = 9918A988A923350A3504783D /* Pods_LeagueofLegendApp.framework */; };
		D864A2F6290A52E30077E035 /* AppDelegate.swift in Sources */ = {isa = PBXBuildFile; fileRef = D864A2F5290A52E30077E035 /* AppDelegate.swift */; };
		D864A2F8290A52E30077E035 /* SceneDelegate.swift in Sources */ = {isa = PBXBuildFile; fileRef = D864A2F7290A52E30077E035 /* SceneDelegate.swift */; };
		D864A2FF290A52E40077E035 /* Assets.xcassets in Resources */ = {isa = PBXBuildFile; fileRef = D864A2FE290A52E40077E035 /* Assets.xcassets */; };
		D864A302290A52E40077E035 /* LaunchScreen.storyboard in Resources */ = {isa = PBXBuildFile; fileRef = D864A300290A52E40077E035 /* LaunchScreen.storyboard */; };
		D864A30B290A59770077E035 /* LoLChampionViewController.swift in Sources */ = {isa = PBXBuildFile; fileRef = D864A30A290A59770077E035 /* LoLChampionViewController.swift */; };
		D864A30F290A5A370077E035 /* ChampionDetailTableViewCell.swift in Sources */ = {isa = PBXBuildFile; fileRef = D864A30E290A5A370077E035 /* ChampionDetailTableViewCell.swift */; };
		D864A312290A5CD20077E035 /* LOLAPI.swift in Sources */ = {isa = PBXBuildFile; fileRef = D864A311290A5CD20077E035 /* LOLAPI.swift */; };
/* End PBXBuildFile section */

/* Begin PBXFileReference section */
		1AE8900434B5824682721EA2 /* Pods-LeagueofLegendApp.release.xcconfig */ = {isa = PBXFileReference; includeInIndex = 1; lastKnownFileType = text.xcconfig; name = "Pods-LeagueofLegendApp.release.xcconfig"; path = "Target Support Files/Pods-LeagueofLegendApp/Pods-LeagueofLegendApp.release.xcconfig"; sourceTree = "<group>"; };
		861A84F38E71E82D3918E85C /* Pods-LeagueofLegendApp.debug.xcconfig */ = {isa = PBXFileReference; includeInIndex = 1; lastKnownFileType = text.xcconfig; name = "Pods-LeagueofLegendApp.debug.xcconfig"; path = "Target Support Files/Pods-LeagueofLegendApp/Pods-LeagueofLegendApp.debug.xcconfig"; sourceTree = "<group>"; };
		9918A988A923350A3504783D /* Pods_LeagueofLegendApp.framework */ = {isa = PBXFileReference; explicitFileType = wrapper.framework; includeInIndex = 0; path = Pods_LeagueofLegendApp.framework; sourceTree = BUILT_PRODUCTS_DIR; };
		D864A2F2290A52E30077E035 /* LeagueofLegendApp.app */ = {isa = PBXFileReference; explicitFileType = wrapper.application; includeInIndex = 0; path = LeagueofLegendApp.app; sourceTree = BUILT_PRODUCTS_DIR; };
		D864A2F5290A52E30077E035 /* AppDelegate.swift */ = {isa = PBXFileReference; lastKnownFileType = sourcecode.swift; path = AppDelegate.swift; sourceTree = "<group>"; };
		D864A2F7290A52E30077E035 /* SceneDelegate.swift */ = {isa = PBXFileReference; lastKnownFileType = sourcecode.swift; path = SceneDelegate.swift; sourceTree = "<group>"; };
		D864A2FE290A52E40077E035 /* Assets.xcassets */ = {isa = PBXFileReference; lastKnownFileType = folder.assetcatalog; path = Assets.xcassets; sourceTree = "<group>"; };
		D864A301290A52E40077E035 /* Base */ = {isa = PBXFileReference; lastKnownFileType = file.storyboard; name = Base; path = Base.lproj/LaunchScreen.storyboard; sourceTree = "<group>"; };
		D864A303290A52E40077E035 /* Info.plist */ = {isa = PBXFileReference; lastKnownFileType = text.plist.xml; path = Info.plist; sourceTree = "<group>"; };
		D864A30A290A59770077E035 /* LoLChampionViewController.swift */ = {isa = PBXFileReference; lastKnownFileType = sourcecode.swift; path = LoLChampionViewController.swift; sourceTree = "<group>"; };
		D864A30E290A5A370077E035 /* ChampionDetailTableViewCell.swift */ = {isa = PBXFileReference; lastKnownFileType = sourcecode.swift; path = ChampionDetailTableViewCell.swift; sourceTree = "<group>"; };
		D864A311290A5CD20077E035 /* LOLAPI.swift */ = {isa = PBXFileReference; lastKnownFileType = sourcecode.swift; path = LOLAPI.swift; sourceTree = "<group>"; };
/* End PBXFileReference section */

/* Begin PBXFrameworksBuildPhase section */
		D864A2EF290A52E30077E035 /* Frameworks */ = {
			isa = PBXFrameworksBuildPhase;
			buildActionMask = 2147483647;
			files = (
				619292292AC54A472E222804 /* Pods_LeagueofLegendApp.framework in Frameworks */,
			);
			runOnlyForDeploymentPostprocessing = 0;
		};
/* End PBXFrameworksBuildPhase section */

/* Begin PBXGroup section */
		032E5166B2BDB9D1895D5774 /* Pods */ = {
			isa = PBXGroup;
			children = (
				861A84F38E71E82D3918E85C /* Pods-LeagueofLegendApp.debug.xcconfig */,
				1AE8900434B5824682721EA2 /* Pods-LeagueofLegendApp.release.xcconfig */,
			);
			path = Pods;
			sourceTree = "<group>";
		};
		9939009FBD26CAFCE0BBB291 /* Frameworks */ = {
			isa = PBXGroup;
			children = (
				9918A988A923350A3504783D /* Pods_LeagueofLegendApp.framework */,
			);
			name = Frameworks;
			sourceTree = "<group>";
		};
		D864A2E9290A52E30077E035 = {
			isa = PBXGroup;
			children = (
				D864A2F4290A52E30077E035 /* LeagueofLegendApp */,
				D864A2F3290A52E30077E035 /* Products */,
				032E5166B2BDB9D1895D5774 /* Pods */,
				9939009FBD26CAFCE0BBB291 /* Frameworks */,
			);
			sourceTree = "<group>";
		};
		D864A2F3290A52E30077E035 /* Products */ = {
			isa = PBXGroup;
			children = (
				D864A2F2290A52E30077E035 /* LeagueofLegendApp.app */,
			);
			name = Products;
			sourceTree = "<group>";
		};
		D864A2F4290A52E30077E035 /* LeagueofLegendApp */ = {
			isa = PBXGroup;
			children = (
				D864A310290A5CC30077E035 /* API */,
				D864A309290A59010077E035 /* 첫번째화면 */,
				D864A2F5290A52E30077E035 /* AppDelegate.swift */,
				D864A2F7290A52E30077E035 /* SceneDelegate.swift */,
				D864A2FE290A52E40077E035 /* Assets.xcassets */,
				D864A300290A52E40077E035 /* LaunchScreen.storyboard */,
				D864A303290A52E40077E035 /* Info.plist */,
			);
			path = LeagueofLegendApp;
			sourceTree = "<group>";
		};
		D864A309290A59010077E035 /* 첫번째화면 */ = {
			isa = PBXGroup;
			children = (
				D864A30A290A59770077E035 /* LoLChampionViewController.swift */,
				D864A30E290A5A370077E035 /* ChampionDetailTableViewCell.swift */,
			);
			name = "첫번째화면";
			path = "첫번째화면";
			sourceTree = "<group>";
		};
		D864A310290A5CC30077E035 /* API */ = {
			isa = PBXGroup;
			children = (
				D864A311290A5CD20077E035 /* LOLAPI.swift */,
			);
			path = API;
			sourceTree = "<group>";
		};
/* End PBXGroup section */

/* Begin PBXNativeTarget section */
		D864A2F1290A52E30077E035 /* LeagueofLegendApp */ = {
			isa = PBXNativeTarget;
			buildConfigurationList = D864A306290A52E40077E035 /* Build configuration list for PBXNativeTarget "LeagueofLegendApp" */;
			buildPhases = (
				51479D523C1D7DD015F20DBC /* [CP] Check Pods Manifest.lock */,
				D864A2EE290A52E30077E035 /* Sources */,
				D864A2EF290A52E30077E035 /* Frameworks */,
				D864A2F0290A52E30077E035 /* Resources */,
				D5A4308B9262EA629E59E3EA /* [CP] Embed Pods Frameworks */,
			);
			buildRules = (
			);
			dependencies = (
			);
			name = LeagueofLegendApp;
			productName = LeagueofLegendApp;
			productReference = D864A2F2290A52E30077E035 /* LeagueofLegendApp.app */;
			productType = "com.apple.product-type.application";
		};
/* End PBXNativeTarget section */

/* Begin PBXProject section */
		D864A2EA290A52E30077E035 /* Project object */ = {
			isa = PBXProject;
			attributes = {
				BuildIndependentTargetsInParallel = 1;
				LastSwiftUpdateCheck = 1400;
				LastUpgradeCheck = 1400;
				TargetAttributes = {
					D864A2F1290A52E30077E035 = {
						CreatedOnToolsVersion = 14.0;
					};
				};
			};
			buildConfigurationList = D864A2ED290A52E30077E035 /* Build configuration list for PBXProject "LeagueofLegendApp" */;
			compatibilityVersion = "Xcode 14.0";
			developmentRegion = en;
			hasScannedForEncodings = 0;
			knownRegions = (
				en,
				Base,
			);
			mainGroup = D864A2E9290A52E30077E035;
			productRefGroup = D864A2F3290A52E30077E035 /* Products */;
			projectDirPath = "";
			projectRoot = "";
			targets = (
				D864A2F1290A52E30077E035 /* LeagueofLegendApp */,
			);
		};
/* End PBXProject section */

/* Begin PBXResourcesBuildPhase section */
		D864A2F0290A52E30077E035 /* Resources */ = {
			isa = PBXResourcesBuildPhase;
			buildActionMask = 2147483647;
			files = (
				D864A302290A52E40077E035 /* LaunchScreen.storyboard in Resources */,
				D864A2FF290A52E40077E035 /* Assets.xcassets in Resources */,
			);
			runOnlyForDeploymentPostprocessing = 0;
		};
/* End PBXResourcesBuildPhase section */

/* Begin PBXShellScriptBuildPhase section */
		51479D523C1D7DD015F20DBC /* [CP] Check Pods Manifest.lock */ = {
			isa = PBXShellScriptBuildPhase;
			buildActionMask = 2147483647;
			files = (
			);
			inputFileListPaths = (
			);
			inputPaths = (
				"${PODS_PODFILE_DIR_PATH}/Podfile.lock",
				"${PODS_ROOT}/Manifest.lock",
			);
			name = "[CP] Check Pods Manifest.lock";
			outputFileListPaths = (
			);
			outputPaths = (
				"$(DERIVED_FILE_DIR)/Pods-LeagueofLegendApp-checkManifestLockResult.txt",
			);
			runOnlyForDeploymentPostprocessing = 0;
			shellPath = /bin/sh;
			shellScript = "diff \"${PODS_PODFILE_DIR_PATH}/Podfile.lock\" \"${PODS_ROOT}/Manifest.lock\" > /dev/null\nif [ $? != 0 ] ; then\n    # print error to STDERR\n    echo \"error: The sandbox is not in sync with the Podfile.lock. Run 'pod install' or update your CocoaPods installation.\" >&2\n    exit 1\nfi\n# This output is used by Xcode 'outputs' to avoid re-running this script phase.\necho \"SUCCESS\" > \"${SCRIPT_OUTPUT_FILE_0}\"\n";
			showEnvVarsInLog = 0;
		};
		D5A4308B9262EA629E59E3EA /* [CP] Embed Pods Frameworks */ = {
			isa = PBXShellScriptBuildPhase;
			buildActionMask = 2147483647;
			files = (
			);
			inputFileListPaths = (
				"${PODS_ROOT}/Target Support Files/Pods-LeagueofLegendApp/Pods-LeagueofLegendApp-frameworks-${CONFIGURATION}-input-files.xcfilelist",
			);
			name = "[CP] Embed Pods Frameworks";
			outputFileListPaths = (
				"${PODS_ROOT}/Target Support Files/Pods-LeagueofLegendApp/Pods-LeagueofLegendApp-frameworks-${CONFIGURATION}-output-files.xcfilelist",
			);
			runOnlyForDeploymentPostprocessing = 0;
			shellPath = /bin/sh;
			shellScript = "\"${PODS_ROOT}/Target Support Files/Pods-LeagueofLegendApp/Pods-LeagueofLegendApp-frameworks.sh\"\n";
			showEnvVarsInLog = 0;
		};
/* End PBXShellScriptBuildPhase section */

/* Begin PBXSourcesBuildPhase section */
		D864A2EE290A52E30077E035 /* Sources */ = {
			isa = PBXSourcesBuildPhase;
			buildActionMask = 2147483647;
			files = (
				D864A2F6290A52E30077E035 /* AppDelegate.swift in Sources */,
				D864A2F8290A52E30077E035 /* SceneDelegate.swift in Sources */,
				D864A312290A5CD20077E035 /* LOLAPI.swift in Sources */,
				D864A30B290A59770077E035 /* LoLChampionViewController.swift in Sources */,
				D864A30F290A5A370077E035 /* ChampionDetailTableViewCell.swift in Sources */,
			);
			runOnlyForDeploymentPostprocessing = 0;
		};
/* End PBXSourcesBuildPhase section */

/* Begin PBXVariantGroup section */
		D864A300290A52E40077E035 /* LaunchScreen.storyboard */ = {
			isa = PBXVariantGroup;
			children = (
				D864A301290A52E40077E035 /* Base */,
			);
			name = LaunchScreen.storyboard;
			sourceTree = "<group>";
		};
/* End PBXVariantGroup section */

/* Begin XCBuildConfiguration section */
		D864A304290A52E40077E035 /* Debug */ = {
			isa = XCBuildConfiguration;
			buildSettings = {
				ALWAYS_SEARCH_USER_PATHS = NO;
				CLANG_ANALYZER_NONNULL = YES;
				CLANG_ANALYZER_NUMBER_OBJECT_CONVERSION = YES_AGGRESSIVE;
				CLANG_CXX_LANGUAGE_STANDARD = "gnu++20";
				CLANG_ENABLE_MODULES = YES;
				CLANG_ENABLE_OBJC_ARC = YES;
				CLANG_ENABLE_OBJC_WEAK = YES;
				CLANG_WARN_BLOCK_CAPTURE_AUTORELEASING = YES;
				CLANG_WARN_BOOL_CONVERSION = YES;
				CLANG_WARN_COMMA = YES;
				CLANG_WARN_CONSTANT_CONVERSION = YES;
				CLANG_WARN_DEPRECATED_OBJC_IMPLEMENTATIONS = YES;
				CLANG_WARN_DIRECT_OBJC_ISA_USAGE = YES_ERROR;
				CLANG_WARN_DOCUMENTATION_COMMENTS = YES;
				CLANG_WARN_EMPTY_BODY = YES;
				CLANG_WARN_ENUM_CONVERSION = YES;
				CLANG_WARN_INFINITE_RECURSION = YES;
				CLANG_WARN_INT_CONVERSION = YES;
				CLANG_WARN_NON_LITERAL_NULL_CONVERSION = YES;
				CLANG_WARN_OBJC_IMPLICIT_RETAIN_SELF = YES;
				CLANG_WARN_OBJC_LITERAL_CONVERSION = YES;
				CLANG_WARN_OBJC_ROOT_CLASS = YES_ERROR;
				CLANG_WARN_QUOTED_INCLUDE_IN_FRAMEWORK_HEADER = YES;
				CLANG_WARN_RANGE_LOOP_ANALYSIS = YES;
				CLANG_WARN_STRICT_PROTOTYPES = YES;
				CLANG_WARN_SUSPICIOUS_MOVE = YES;
				CLANG_WARN_UNGUARDED_AVAILABILITY = YES_AGGRESSIVE;
				CLANG_WARN_UNREACHABLE_CODE = YES;
				CLANG_WARN__DUPLICATE_METHOD_MATCH = YES;
				COPY_PHASE_STRIP = NO;
				DEBUG_INFORMATION_FORMAT = dwarf;
				ENABLE_STRICT_OBJC_MSGSEND = YES;
				ENABLE_TESTABILITY = YES;
				GCC_C_LANGUAGE_STANDARD = gnu11;
				GCC_DYNAMIC_NO_PIC = NO;
				GCC_NO_COMMON_BLOCKS = YES;
				GCC_OPTIMIZATION_LEVEL = 0;
				GCC_PREPROCESSOR_DEFINITIONS = (
					"DEBUG=1",
					"$(inherited)",
				);
				GCC_WARN_64_TO_32_BIT_CONVERSION = YES;
				GCC_WARN_ABOUT_RETURN_TYPE = YES_ERROR;
				GCC_WARN_UNDECLARED_SELECTOR = YES;
				GCC_WARN_UNINITIALIZED_AUTOS = YES_AGGRESSIVE;
				GCC_WARN_UNUSED_FUNCTION = YES;
				GCC_WARN_UNUSED_VARIABLE = YES;
				IPHONEOS_DEPLOYMENT_TARGET = 16.0;
				MTL_ENABLE_DEBUG_INFO = INCLUDE_SOURCE;
				MTL_FAST_MATH = YES;
				ONLY_ACTIVE_ARCH = YES;
				SDKROOT = iphoneos;
				SWIFT_ACTIVE_COMPILATION_CONDITIONS = DEBUG;
				SWIFT_OPTIMIZATION_LEVEL = "-Onone";
			};
			name = Debug;
		};
		D864A305290A52E40077E035 /* Release */ = {
			isa = XCBuildConfiguration;
			buildSettings = {
				ALWAYS_SEARCH_USER_PATHS = NO;
				CLANG_ANALYZER_NONNULL = YES;
				CLANG_ANALYZER_NUMBER_OBJECT_CONVERSION = YES_AGGRESSIVE;
				CLANG_CXX_LANGUAGE_STANDARD = "gnu++20";
				CLANG_ENABLE_MODULES = YES;
				CLANG_ENABLE_OBJC_ARC = YES;
				CLANG_ENABLE_OBJC_WEAK = YES;
				CLANG_WARN_BLOCK_CAPTURE_AUTORELEASING = YES;
				CLANG_WARN_BOOL_CONVERSION = YES;
				CLANG_WARN_COMMA = YES;
				CLANG_WARN_CONSTANT_CONVERSION = YES;
				CLANG_WARN_DEPRECATED_OBJC_IMPLEMENTATIONS = YES;
				CLANG_WARN_DIRECT_OBJC_ISA_USAGE = YES_ERROR;
				CLANG_WARN_DOCUMENTATION_COMMENTS = YES;
				CLANG_WARN_EMPTY_BODY = YES;
				CLANG_WARN_ENUM_CONVERSION = YES;
				CLANG_WARN_INFINITE_RECURSION = YES;
				CLANG_WARN_INT_CONVERSION = YES;
				CLANG_WARN_NON_LITERAL_NULL_CONVERSION = YES;
				CLANG_WARN_OBJC_IMPLICIT_RETAIN_SELF = YES;
				CLANG_WARN_OBJC_LITERAL_CONVERSION = YES;
				CLANG_WARN_OBJC_ROOT_CLASS = YES_ERROR;
				CLANG_WARN_QUOTED_INCLUDE_IN_FRAMEWORK_HEADER = YES;
				CLANG_WARN_RANGE_LOOP_ANALYSIS = YES;
				CLANG_WARN_STRICT_PROTOTYPES = YES;
				CLANG_WARN_SUSPICIOUS_MOVE = YES;
				CLANG_WARN_UNGUARDED_AVAILABILITY = YES_AGGRESSIVE;
				CLANG_WARN_UNREACHABLE_CODE = YES;
				CLANG_WARN__DUPLICATE_METHOD_MATCH = YES;
				COPY_PHASE_STRIP = NO;
				DEBUG_INFORMATION_FORMAT = "dwarf-with-dsym";
				ENABLE_NS_ASSERTIONS = NO;
				ENABLE_STRICT_OBJC_MSGSEND = YES;
				GCC_C_LANGUAGE_STANDARD = gnu11;
				GCC_NO_COMMON_BLOCKS = YES;
				GCC_WARN_64_TO_32_BIT_CONVERSION = YES;
				GCC_WARN_ABOUT_RETURN_TYPE = YES_ERROR;
				GCC_WARN_UNDECLARED_SELECTOR = YES;
				GCC_WARN_UNINITIALIZED_AUTOS = YES_AGGRESSIVE;
				GCC_WARN_UNUSED_FUNCTION = YES;
				GCC_WARN_UNUSED_VARIABLE = YES;
				IPHONEOS_DEPLOYMENT_TARGET = 16.0;
				MTL_ENABLE_DEBUG_INFO = NO;
				MTL_FAST_MATH = YES;
				SDKROOT = iphoneos;
				SWIFT_COMPILATION_MODE = wholemodule;
				SWIFT_OPTIMIZATION_LEVEL = "-O";
				VALIDATE_PRODUCT = YES;
			};
			name = Release;
		};
		D864A307290A52E40077E035 /* Debug */ = {
			isa = XCBuildConfiguration;
			baseConfigurationReference = 861A84F38E71E82D3918E85C /* Pods-LeagueofLegendApp.debug.xcconfig */;
			buildSettings = {
				ASSETCATALOG_COMPILER_APPICON_NAME = AppIcon;
				ASSETCATALOG_COMPILER_GLOBAL_ACCENT_COLOR_NAME = AccentColor;
				CODE_SIGN_STYLE = Automatic;
				CURRENT_PROJECT_VERSION = 1;
				DEVELOPMENT_TEAM = 69T5P6ASGW;
				GENERATE_INFOPLIST_FILE = YES;
				INFOPLIST_FILE = LeagueofLegendApp/Info.plist;
				INFOPLIST_KEY_UIApplicationSupportsIndirectInputEvents = YES;
				INFOPLIST_KEY_UILaunchStoryboardName = LaunchScreen;
				INFOPLIST_KEY_UISupportedInterfaceOrientations_iPad = "UIInterfaceOrientationPortrait UIInterfaceOrientationPortraitUpsideDown UIInterfaceOrientationLandscapeLeft UIInterfaceOrientationLandscapeRight";
				INFOPLIST_KEY_UISupportedInterfaceOrientations_iPhone = "UIInterfaceOrientationPortrait UIInterfaceOrientationLandscapeLeft UIInterfaceOrientationLandscapeRight";
				LD_RUNPATH_SEARCH_PATHS = (
					"$(inherited)",
					"@executable_path/Frameworks",
				);
				MARKETING_VERSION = 1.0;
				PRODUCT_BUNDLE_IDENTIFIER = kr.co.honge.LeagueofLegendApp;
				PRODUCT_NAME = "$(TARGET_NAME)";
				SWIFT_EMIT_LOC_STRINGS = YES;
				SWIFT_VERSION = 5.0;
				TARGETED_DEVICE_FAMILY = "1,2";
			};
			name = Debug;
		};
		D864A308290A52E40077E035 /* Release */ = {
			isa = XCBuildConfiguration;
			baseConfigurationReference = 1AE8900434B5824682721EA2 /* Pods-LeagueofLegendApp.release.xcconfig */;
			buildSettings = {
				ASSETCATALOG_COMPILER_APPICON_NAME = AppIcon;
				ASSETCATALOG_COMPILER_GLOBAL_ACCENT_COLOR_NAME = AccentColor;
				CODE_SIGN_STYLE = Automatic;
				CURRENT_PROJECT_VERSION = 1;
				DEVELOPMENT_TEAM = 69T5P6ASGW;
				GENERATE_INFOPLIST_FILE = YES;
				INFOPLIST_FILE = LeagueofLegendApp/Info.plist;
				INFOPLIST_KEY_UIApplicationSupportsIndirectInputEvents = YES;
				INFOPLIST_KEY_UILaunchStoryboardName = LaunchScreen;
				INFOPLIST_KEY_UISupportedInterfaceOrientations_iPad = "UIInterfaceOrientationPortrait UIInterfaceOrientationPortraitUpsideDown UIInterfaceOrientationLandscapeLeft UIInterfaceOrientationLandscapeRight";
				INFOPLIST_KEY_UISupportedInterfaceOrientations_iPhone = "UIInterfaceOrientationPortrait UIInterfaceOrientationLandscapeLeft UIInterfaceOrientationLandscapeRight";
				LD_RUNPATH_SEARCH_PATHS = (
					"$(inherited)",
					"@executable_path/Frameworks",
				);
				MARKETING_VERSION = 1.0;
				PRODUCT_BUNDLE_IDENTIFIER = kr.co.honge.LeagueofLegendApp;
				PRODUCT_NAME = "$(TARGET_NAME)";
				SWIFT_EMIT_LOC_STRINGS = YES;
				SWIFT_VERSION = 5.0;
				TARGETED_DEVICE_FAMILY = "1,2";
			};
			name = Release;
		};
/* End XCBuildConfiguration section */

/* Begin XCConfigurationList section */
		D864A2ED290A52E30077E035 /* Build configuration list for PBXProject "LeagueofLegendApp" */ = {
			isa = XCConfigurationList;
			buildConfigurations = (
				D864A304290A52E40077E035 /* Debug */,
				D864A305290A52E40077E035 /* Release */,
			);
			defaultConfigurationIsVisible = 0;
			defaultConfigurationName = Release;
		};
		D864A306290A52E40077E035 /* Build configuration list for PBXNativeTarget "LeagueofLegendApp" */ = {
			isa = XCConfigurationList;
			buildConfigurations = (
				D864A307290A52E40077E035 /* Debug */,
				D864A308290A52E40077E035 /* Release */,
			);
			defaultConfigurationIsVisible = 0;
			defaultConfigurationName = Release;
		};
/* End XCConfigurationList section */
	};
	rootObject = D864A2EA290A52E30077E035 /* Project object */;
}
